
Microsoft Visual Studio Solution File, Format Version 12.00
# Visual Studio Version 17
VisualStudioVersion = 17.0.32014.148
MinimumVisualStudioVersion = 10.0.40219.1
Project("{FAE04EC0-301F-11D3-BF4B-00C04F79EFBC}") = "MVVM2022.Android", "MVVM2022\MVVM2022.Android\MVVM2022.Android.csproj", "{46E87319-B711-415A-89CD-FC8D55FD7C92}"
EndProject
Project("{FAE04EC0-301F-11D3-BF4B-00C04F79EFBC}") = "MVVM2022.iOS", "MVVM2022\MVVM2022.iOS\MVVM2022.iOS.csproj", "{588FC4CB-2411-4CDC-B679-1F8E756E7E25}"
EndProject
Project("{FAE04EC0-301F-11D3-BF4B-00C04F79EFBC}") = "MVVM2022", "MVVM2022\MVVM2022\MVVM2022.csproj", "{E355F712-F675-4B0F-887C-58EE153F9847}"
EndProject
Global
	GlobalSection(SolutionConfigurationPlatforms) = preSolution
		Debug|Any CPU = Debug|Any CPU
		Debug|iPhone = Debug|iPhone
		Debug|iPhoneSimulator = Debug|iPhoneSimulator
		Release|Any CPU = Release|Any CPU
		Release|iPhone = Release|iPhone
		Release|iPhoneSimulator = Release|iPhoneSimulator
	EndGlobalSection
	GlobalSection(ProjectConfigurationPlatforms) = postSolution
		{46E87319-B711-415A-89CD-FC8D55FD7C92}.Debug|Any CPU.ActiveCfg = Debug|Any CPU
		{46E87319-B711-415A-89CD-FC8D55FD7C92}.Debug|Any CPU.Build.0 = Debug|Any CPU
		{46E87319-B711-415A-89CD-FC8D55FD7C92}.Debug|Any CPU.Deploy.0 = Debug|Any CPU
		{46E87319-B711-415A-89CD-FC8D55FD7C92}.Debug|iPhone.ActiveCfg = Debug|Any CPU
		{46E87319-B711-415A-89CD-FC8D55FD7C92}.Debug|iPhone.Build.0 = Debug|Any CPU
		{46E87319-B711-415A-89CD-FC8D55FD7C92}.Debug|iPhone.Deploy.0 = Debug|Any CPU
		{46E87319-B711-415A-89CD-FC8D55FD7C92}.Debug|iPhoneSimulator.ActiveCfg = Debug|Any CPU
		{46E87319-B711-415A-89CD-FC8D55FD7C92}.Debug|iPhoneSimulator.Build.0 = Debug|Any CPU
		{46E87319-B711-415A-89CD-FC8D55FD7C92}.Debug|iPhoneSimulator.Deploy.0 = Debug|Any CPU
		{46E87319-B711-415A-89CD-FC8D55FD7C92}.Release|Any CPU.ActiveCfg = Release|Any CPU
		{46E87319-B711-415A-89CD-FC8D55FD7C92}.Release|Any CPU.Build.0 = Release|Any CPU
		{46E87319-B711-415A-89CD-FC8D55FD7C92}.Release|Any CPU.Deploy.0 = Release|Any CPU
		{46E87319-B711-415A-89CD-FC8D55FD7C92}.Release|iPhone.ActiveCfg = Release|Any CPU
		{46E87319-B711-415A-89CD-FC8D55FD7C92}.Release|iPhone.Build.0 = Release|Any CPU
		{46E87319-B711-415A-89CD-FC8D55FD7C92}.Release|iPhone.Deploy.0 = Release|Any CPU
		{46E87319-B711-415A-89CD-FC8D55FD7C92}.Release|iPhoneSimulator.ActiveCfg = Release|Any CPU
		{46E87319-B711-415A-89CD-FC8D55FD7C92}.Release|iPhoneSimulator.Build.0 = Release|Any CPU
		{46E87319-B711-415A-89CD-FC8D55FD7C92}.Release|iPhoneSimulator.Deploy.0 = Release|Any CPU
		{588FC4CB-2411-4CDC-B679-1F8E756E7E25}.Debug|Any CPU.ActiveCfg = Debug|iPhone
		{588FC4CB-2411-4CDC-B679-1F8E756E7E25}.Debug|Any CPU.Build.0 = Debug|iPhone
		{588FC4CB-2411-4CDC-B679-1F8E756E7E25}.Debug|Any CPU.Deploy.0 = Debug|iPhone
		{588FC4CB-2411-4CDC-B679-1F8E756E7E25}.Debug|iPhone.ActiveCfg = Debug|iPhone
		{588FC4CB-2411-4CDC-B679-1F8E756E7E25}.Debug|iPhone.Build.0 = Debug|iPhone
		{588FC4CB-2411-4CDC-B679-1F8E756E7E25}.Debug|iPhone.Deploy.0 = Debug|iPhone
		{588FC4CB-2411-4CDC-B679-1F8E756E7E25}.Debug|iPhoneSimulator.ActiveCfg = Debug|iPhoneSimulator
		{588FC4CB-2411-4CDC-B679-1F8E756E7E25}.Debug|iPhoneSimulator.Build.0 = Debug|iPhoneSimulator
		{588FC4CB-2411-4CDC-B679-1F8E756E7E25}.Debug|iPhoneSimulator.Deploy.0 = Debug|iPhoneSimulator
		{588FC4CB-2411-4CDC-B679-1F8E756E7E25}.Release|Any CPU.ActiveCfg = Release|iPhoneSimulator
		{588FC4CB-2411-4CDC-B679-1F8E756E7E25}.Release|Any CPU.Build.0 = Release|iPhoneSimulator
		{588FC4CB-2411-4CDC-B679-1F8E756E7E25}.Release|Any CPU.Deploy.0 = Release|iPhoneSimulator
		{588FC4CB-2411-4CDC-B679-1F8E756E7E25}.Release|iPhone.ActiveCfg = Release|iPhone
		{588FC4CB-2411-4CDC-B679-1F8E756E7E25}.Release|iPhone.Build.0 = Release|iPhone
		{588FC4CB-2411-4CDC-B679-1F8E756E7E25}.Release|iPhone.Deploy.0 = Release|iPhone
		{588FC4CB-2411-4CDC-B679-1F8E756E7E25}.Release|iPhoneSimulator.ActiveCfg = Release|iPhoneSimulator
		{588FC4CB-2411-4CDC-B679-1F8E756E7E25}.Release|iPhoneSimulator.Build.0 = Release|iPhoneSimulator
		{588FC4CB-2411-4CDC-B679-1F8E756E7E25}.Release|iPhoneSimulator.Deploy.0 = Release|iPhoneSimulator
		{E355F712-F675-4B0F-887C-58EE153F9847}.Debug|Any CPU.ActiveCfg = Debug|Any CPU
		{E355F712-F675-4B0F-887C-58EE153F9847}.Debug|Any CPU.Build.0 = Debug|Any CPU
		{E355F712-F675-4B0F-887C-58EE153F9847}.Debug|Any CPU.Deploy.0 = Debug|Any CPU
		{E355F712-F675-4B0F-887C-58EE153F9847}.Debug|iPhone.ActiveCfg = Debug|Any CPU
		{E355F712-F675-4B0F-887C-58EE153F9847}.Debug|iPhone.Build.0 = Debug|Any CPU
		{E355F712-F675-4B0F-887C-58EE153F9847}.Debug|iPhone.Deploy.0 = Debug|Any CPU
		{E355F712-F675-4B0F-887C-58EE153F9847}.Debug|iPhoneSimulator.ActiveCfg = Debug|Any CPU
		{E355F712-F675-4B0F-887C-58EE153F9847}.Debug|iPhoneSimulator.Build.0 = Debug|Any CPU
		{E355F712-F675-4B0F-887C-58EE153F9847}.Debug|iPhoneSimulator.Deploy.0 = Debug|Any CPU
		{E355F712-F675-4B0F-887C-58EE153F9847}.Release|Any CPU.ActiveCfg = Release|Any CPU
		{E355F712-F675-4B0F-887C-58EE153F9847}.Release|Any CPU.Build.0 = Release|Any CPU
		{E355F712-F675-4B0F-887C-58EE153F9847}.Release|Any CPU.Deploy.0 = Release|Any CPU
		{E355F712-F675-4B0F-887C-58EE153F9847}.Release|iPhone.ActiveCfg = Release|Any CPU
		{E355F712-F675-4B0F-887C-58EE153F9847}.Release|iPhone.Build.0 = Release|Any CPU
		{E355F712-F675-4B0F-887C-58EE153F9847}.Release|iPhone.Deploy.0 = Release|Any CPU
		{E355F712-F675-4B0F-887C-58EE153F9847}.Release|iPhoneSimulator.ActiveCfg = Release|Any CPU
		{E355F712-F675-4B0F-887C-58EE153F9847}.Release|iPhoneSimulator.Build.0 = Release|Any CPU
		{E355F712-F675-4B0F-887C-58EE153F9847}.Release|iPhoneSimulator.Deploy.0 = Release|Any CPU
	EndGlobalSection
	GlobalSection(SolutionProperties) = preSolution
		HideSolutionNode = FALSE
	EndGlobalSection
	GlobalSection(ExtensibilityGlobals) = postSolution
		SolutionGuid = {BCC58F22-870E-4E3D-AA00-25C83336347A}
	EndGlobalSection
EndGlobal
